// !$*UTF8*$!
{
	archiveVersion = 1;
	classes = {
	};
	objectVersion = 46;
	objects = {

/* Begin PBXBuildFile section */
		2EADDA3C1D7A38F500183E51 /* AppDelegate.swift in Sources */ = {isa = PBXBuildFile; fileRef = 2EADDA3B1D7A38F500183E51 /* AppDelegate.swift */; };
		2EADDA3E1D7A38F500183E51 /* ViewController.swift in Sources */ = {isa = PBXBuildFile; fileRef = 2EADDA3D1D7A38F500183E51 /* ViewController.swift */; };
		2EADDA401D7A38F500183E51 /* Assets.xcassets in Resources */ = {isa = PBXBuildFile; fileRef = 2EADDA3F1D7A38F500183E51 /* Assets.xcassets */; };
		2EADDA431D7A38F500183E51 /* Main.storyboard in Resources */ = {isa = PBXBuildFile; fileRef = 2EADDA411D7A38F500183E51 /* Main.storyboard */; };
		2EADDA4E1D7A38F500183E51 /* LetterPairSimilarityTests.swift in Sources */ = {isa = PBXBuildFile; fileRef = 2EADDA4D1D7A38F500183E51 /* LetterPairSimilarityTests.swift */; };
/* End PBXBuildFile section */

/* Begin PBXContainerItemProxy section */
		2EADDA4A1D7A38F500183E51 /* PBXContainerItemProxy */ = {
			isa = PBXContainerItemProxy;
			containerPortal = 2EADDA301D7A38F500183E51 /* Project object */;
			proxyType = 1;
			remoteGlobalIDString = 2EADDA371D7A38F500183E51;
			remoteInfo = LetterPairSimilarity;
		};
/* End PBXContainerItemProxy section */

/* Begin PBXFileReference section */
		2EADDA381D7A38F500183E51 /* LetterPairSimilarity.app */ = {isa = PBXFileReference; explicitFileType = wrapper.application; includeInIndex = 0; path = LetterPairSimilarity.app; sourceTree = BUILT_PRODUCTS_DIR; };
		2EADDA3B1D7A38F500183E51 /* AppDelegate.swift */ = {isa = PBXFileReference; lastKnownFileType = sourcecode.swift; path = AppDelegate.swift; sourceTree = "<group>"; };
		2EADDA3D1D7A38F500183E51 /* ViewController.swift */ = {isa = PBXFileReference; lastKnownFileType = sourcecode.swift; path = ViewController.swift; sourceTree = "<group>"; };
		2EADDA3F1D7A38F500183E51 /* Assets.xcassets */ = {isa = PBXFileReference; lastKnownFileType = folder.assetcatalog; path = Assets.xcassets; sourceTree = "<group>"; };
		2EADDA421D7A38F500183E51 /* Base */ = {isa = PBXFileReference; lastKnownFileType = file.storyboard; name = Base; path = Base.lproj/Main.storyboard; sourceTree = "<group>"; };
		2EADDA441D7A38F500183E51 /* Info.plist */ = {isa = PBXFileReference; lastKnownFileType = text.plist.xml; path = Info.plist; sourceTree = "<group>"; };
		2EADDA491D7A38F500183E51 /* LetterPairSimilarityTests.xctest */ = {isa = PBXFileReference; explicitFileType = wrapper.cfbundle; includeInIndex = 0; path = LetterPairSimilarityTests.xctest; sourceTree = BUILT_PRODUCTS_DIR; };
		2EADDA4D1D7A38F500183E51 /* LetterPairSimilarityTests.swift */ = {isa = PBXFileReference; lastKnownFileType = sourcecode.swift; path = LetterPairSimilarityTests.swift; sourceTree = "<group>"; };
		2EADDA4F1D7A38F500183E51 /* Info.plist */ = {isa = PBXFileReference; lastKnownFileType = text.plist.xml; path = Info.plist; sourceTree = "<group>"; };
/* End PBXFileReference section */

/* Begin PBXFrameworksBuildPhase section */
		2EADDA351D7A38F500183E51 /* Frameworks */ = {
			isa = PBXFrameworksBuildPhase;
			buildActionMask = 2147483647;
			files = (
			);
			runOnlyForDeploymentPostprocessing = 0;
		};
		2EADDA461D7A38F500183E51 /* Frameworks */ = {
			isa = PBXFrameworksBuildPhase;
			buildActionMask = 2147483647;
			files = (
			);
			runOnlyForDeploymentPostprocessing = 0;
		};
/* End PBXFrameworksBuildPhase section */

/* Begin PBXGroup section */
		2EADDA2F1D7A38F500183E51 = {
			isa = PBXGroup;
			children = (
				2EADDA3A1D7A38F500183E51 /* LetterPairSimilarity */,
				2EADDA4C1D7A38F500183E51 /* LetterPairSimilarityTests */,
				2EADDA391D7A38F500183E51 /* Products */,
			);
			sourceTree = "<group>";
		};
		2EADDA391D7A38F500183E51 /* Products */ = {
			isa = PBXGroup;
			children = (
				2EADDA381D7A38F500183E51 /* LetterPairSimilarity.app */,
				2EADDA491D7A38F500183E51 /* LetterPairSimilarityTests.xctest */,
			);
			name = Products;
			sourceTree = "<group>";
		};
		2EADDA3A1D7A38F500183E51 /* LetterPairSimilarity */ = {
			isa = PBXGroup;
			children = (
				2EADDA3B1D7A38F500183E51 /* AppDelegate.swift */,
				2EADDA3D1D7A38F500183E51 /* ViewController.swift */,
				2EADDA3F1D7A38F500183E51 /* Assets.xcassets */,
				2EADDA411D7A38F500183E51 /* Main.storyboard */,
				2EADDA441D7A38F500183E51 /* Info.plist */,
			);
			path = LetterPairSimilarity;
			sourceTree = "<group>";
		};
		2EADDA4C1D7A38F500183E51 /* LetterPairSimilarityTests */ = {
			isa = PBXGroup;
			children = (
				2EADDA4D1D7A38F500183E51 /* LetterPairSimilarityTests.swift */,
				2EADDA4F1D7A38F500183E51 /* Info.plist */,
			);
			path = LetterPairSimilarityTests;
			sourceTree = "<group>";
		};
/* End PBXGroup section */

/* Begin PBXNativeTarget section */
		2EADDA371D7A38F500183E51 /* LetterPairSimilarity */ = {
			isa = PBXNativeTarget;
			buildConfigurationList = 2EADDA521D7A38F500183E51 /* Build configuration list for PBXNativeTarget "LetterPairSimilarity" */;
			buildPhases = (
				2EADDA341D7A38F500183E51 /* Sources */,
				2EADDA351D7A38F500183E51 /* Frameworks */,
				2EADDA361D7A38F500183E51 /* Resources */,
			);
			buildRules = (
			);
			dependencies = (
			);
			name = LetterPairSimilarity;
			productName = LetterPairSimilarity;
			productReference = 2EADDA381D7A38F500183E51 /* LetterPairSimilarity.app */;
			productType = "com.apple.product-type.application";
		};
		2EADDA481D7A38F500183E51 /* LetterPairSimilarityTests */ = {
			isa = PBXNativeTarget;
			buildConfigurationList = 2EADDA551D7A38F500183E51 /* Build configuration list for PBXNativeTarget "LetterPairSimilarityTests" */;
			buildPhases = (
				2EADDA451D7A38F500183E51 /* Sources */,
				2EADDA461D7A38F500183E51 /* Frameworks */,
				2EADDA471D7A38F500183E51 /* Resources */,
			);
			buildRules = (
			);
			dependencies = (
				2EADDA4B1D7A38F500183E51 /* PBXTargetDependency */,
			);
			name = LetterPairSimilarityTests;
			productName = LetterPairSimilarityTests;
			productReference = 2EADDA491D7A38F500183E51 /* LetterPairSimilarityTests.xctest */;
			productType = "com.apple.product-type.bundle.unit-test";
		};
/* End PBXNativeTarget section */

/* Begin PBXProject section */
		2EADDA301D7A38F500183E51 /* Project object */ = {
			isa = PBXProject;
			attributes = {
				LastSwiftUpdateCheck = 0730;
				LastUpgradeCheck = 0730;
				ORGANIZATIONNAME = "Allan Hoeltje";
				TargetAttributes = {
					2EADDA371D7A38F500183E51 = {
						CreatedOnToolsVersion = 7.3.1;
					};
					2EADDA481D7A38F500183E51 = {
						CreatedOnToolsVersion = 7.3.1;
						TestTargetID = 2EADDA371D7A38F500183E51;
					};
				};
			};
			buildConfigurationList = 2EADDA331D7A38F500183E51 /* Build configuration list for PBXProject "LetterPairSimilarity" */;
			compatibilityVersion = "Xcode 3.2";
			developmentRegion = English;
			hasScannedForEncodings = 0;
			knownRegions = (
				en,
				Base,
			);
			mainGroup = 2EADDA2F1D7A38F500183E51;
			productRefGroup = 2EADDA391D7A38F500183E51 /* Products */;
			projectDirPath = "";
			projectRoot = "";
			targets = (
				2EADDA371D7A38F500183E51 /* LetterPairSimilarity */,
				2EADDA481D7A38F500183E51 /* LetterPairSimilarityTests */,
			);
		};
/* End PBXProject section */

/* Begin PBXResourcesBuildPhase section */
		2EADDA361D7A38F500183E51 /* Resources */ = {
			isa = PBXResourcesBuildPhase;
			buildActionMask = 2147483647;
			files = (
				2EADDA401D7A38F500183E51 /* Assets.xcassets in Resources */,
				2EADDA431D7A38F500183E51 /* Main.storyboard in Resources */,
			);
			runOnlyForDeploymentPostprocessing = 0;
		};
		2EADDA471D7A38F500183E51 /* Resources */ = {
			isa = PBXResourcesBuildPhase;
			buildActionMask = 2147483647;
			files = (
			);
			runOnlyForDeploymentPostprocessing = 0;
		};
/* End PBXResourcesBuildPhase section */

/* Begin PBXSourcesBuildPhase section */
		2EADDA341D7A38F500183E51 /* Sources */ = {
			isa = PBXSourcesBuildPhase;
			buildActionMask = 2147483647;
			files = (
				2EADDA3E1D7A38F500183E51 /* ViewController.swift in Sources */,
				2EADDA3C1D7A38F500183E51 /* AppDelegate.swift in Sources */,
			);
			runOnlyForDeploymentPostprocessing = 0;
		};
		2EADDA451D7A38F500183E51 /* Sources */ = {
			isa = PBXSourcesBuildPhase;
			buildActionMask = 2147483647;
			files = (
				2EADDA4E1D7A38F500183E51 /* LetterPairSimilarityTests.swift in Sources */,
			);
			runOnlyForDeploymentPostprocessing = 0;
		};
/* End PBXSourcesBuildPhase section */

/* Begin PBXTargetDependency section */
		2EADDA4B1D7A38F500183E51 /* PBXTargetDependency */ = {
			isa = PBXTargetDependency;
			target = 2EADDA371D7A38F500183E51 /* LetterPairSimilarity */;
			targetProxy = 2EADDA4A1D7A38F500183E51 /* PBXContainerItemProxy */;
		};
/* End PBXTargetDependency section */

/* Begin PBXVariantGroup section */
		2EADDA411D7A38F500183E51 /* Main.storyboard */ = {
			isa = PBXVariantGroup;
			children = (
				2EADDA421D7A38F500183E51 /* Base */,
			);
			name = Main.storyboard;
			sourceTree = "<group>";
		};
/* End PBXVariantGroup section */

/* Begin XCBuildConfiguration section */
		2EADDA501D7A38F500183E51 /* Debug */ = {
			isa = XCBuildConfiguration;
			buildSettings = {
				ALWAYS_SEARCH_USER_PATHS = NO;
				CLANG_ANALYZER_NONNULL = YES;
				CLANG_CXX_LANGUAGE_STANDARD = "gnu++0x";
				CLANG_CXX_LIBRARY = "libc++";
				CLANG_ENABLE_MODULES = YES;
				CLANG_ENABLE_OBJC_ARC = YES;
				CLANG_WARN_BOOL_CONVERSION = YES;
				CLANG_WARN_CONSTANT_CONVERSION = YES;
				CLANG_WARN_DIRECT_OBJC_ISA_USAGE = YES_ERROR;
				CLANG_WARN_EMPTY_BODY = YES;
				CLANG_WARN_ENUM_CONVERSION = YES;
				CLANG_WARN_INT_CONVERSION = YES;
				CLANG_WARN_OBJC_ROOT_CLASS = YES_ERROR;
				CLANG_WARN_UNREACHABLE_CODE = YES;
				CLANG_WARN__DUPLICATE_METHOD_MATCH = YES;
				CODE_SIGN_IDENTITY = "-";
				COPY_PHASE_STRIP = NO;
				DEBUG_INFORMATION_FORMAT = dwarf;
				ENABLE_STRICT_OBJC_MSGSEND = YES;
				ENABLE_TESTABILITY = YES;
				GCC_C_LANGUAGE_STANDARD = gnu99;
				GCC_DYNAMIC_NO_PIC = NO;
				GCC_NO_COMMON_BLOCKS = YES;
				GCC_OPTIMIZATION_LEVEL = 0;
				GCC_PREPROCESSOR_DEFINITIONS = (
					"DEBUG=1",
					"$(inherited)",
				);
				GCC_WARN_64_TO_32_BIT_CONVERSION = YES;
				GCC_WARN_ABOUT_RETURN_TYPE = YES_ERROR;
				GCC_WARN_UNDECLARED_SELECTOR = YES;
				GCC_WARN_UNINITIALIZED_AUTOS = YES_AGGRESSIVE;
				GCC_WARN_UNUSED_FUNCTION = YES;
				GCC_WARN_UNUSED_VARIABLE = YES;
				MACOSX_DEPLOYMENT_TARGET = 10.11;
				MTL_ENABLE_DEBUG_INFO = YES;
				ONLY_ACTIVE_ARCH = YES;
				SDKROOT = macosx;
				SWIFT_OPTIMIZATION_LEVEL = "-Onone";
			};
			name = Debug;
		};
		2EADDA511D7A38F500183E51 /* Release */ = {
			isa = XCBuildConfiguration;
			buildSettings = {
				ALWAYS_SEARCH_USER_PATHS = NO;
				CLANG_ANALYZER_NONNULL = YES;
				CLANG_CXX_LANGUAGE_STANDARD = "gnu++0x";
				CLANG_CXX_LIBRARY = "libc++";
				CLANG_ENABLE_MODULES = YES;
				CLANG_ENABLE_OBJC_ARC = YES;
				CLANG_WARN_BOOL_CONVERSION = YES;
				CLANG_WARN_CONSTANT_CONVERSION = YES;
				CLANG_WARN_DIRECT_OBJC_ISA_USAGE = YES_ERROR;
				CLANG_WARN_EMPTY_BODY = YES;
				CLANG_WARN_ENUM_CONVERSION = YES;
				CLANG_WARN_INT_CONVERSION = YES;
				CLANG_WARN_OBJC_ROOT_CLASS = YES_ERROR;
				CLANG_WARN_UNREACHABLE_CODE = YES;
				CLANG_WARN__DUPLICATE_METHOD_MATCH = YES;
				CODE_SIGN_IDENTITY = "-";
				COPY_PHASE_STRIP = NO;
				DEBUG_INFORMATION_FORMAT = "dwarf-with-dsym";
				ENABLE_NS_ASSERTIONS = NO;
				ENABLE_STRICT_OBJC_MSGSEND = YES;
				GCC_C_LANGUAGE_STANDARD = gnu99;
				GCC_NO_COMMON_BLOCKS = YES;
				GCC_WARN_64_TO_32_BIT_CONVERSION = YES;
				GCC_WARN_ABOUT_RETURN_TYPE = YES_ERROR;
				GCC_WARN_UNDECLARED_SELECTOR = YES;
				GCC_WARN_UNINITIALIZED_AUTOS = YES_AGGRESSIVE;
				GCC_WARN_UNUSED_FUNCTION = YES;
				GCC_WARN_UNUSED_VARIABLE = YES;
				MACOSX_DEPLOYMENT_TARGET = 10.11;
				MTL_ENABLE_DEBUG_INFO = NO;
				SDKROOT = macosx;
			};
			name = Release;
		};
		2EADDA531D7A38F500183E51 /* Debug */ = {
			isa = XCBuildConfiguration;
			buildSettings = {
				ASSETCATALOG_COMPILER_APPICON_NAME = AppIcon;
				COMBINE_HIDPI_IMAGES = YES;
				INFOPLIST_FILE = LetterPairSimilarity/Info.plist;
				LD_RUNPATH_SEARCH_PATHS = "$(inherited) @executable_path/../Frameworks";
				PRODUCT_BUNDLE_IDENTIFIER = "Wholecheese-LLC.LetterPairSimilarity";
				PRODUCT_NAME = "$(TARGET_NAME)";
			};
			name = Debug;
		};
		2EADDA541D7A38F500183E51 /* Release */ = {
			isa = XCBuildConfiguration;
			buildSettings = {
				ASSETCATALOG_COMPILER_APPICON_NAME = AppIcon;
				COMBINE_HIDPI_IMAGES = YES;
				INFOPLIST_FILE = LetterPairSimilarity/Info.plist;
				LD_RUNPATH_SEARCH_PATHS = "$(inherited) @executable_path/../Frameworks";
				PRODUCT_BUNDLE_IDENTIFIER = "Wholecheese-LLC.LetterPairSimilarity";
				PRODUCT_NAME = "$(TARGET_NAME)";
			};
			name = Release;
		};
		2EADDA561D7A38F500183E51 /* Debug */ = {
			isa = XCBuildConfiguration;
			buildSettings = {
				BUNDLE_LOADER = "$(TEST_HOST)";
				COMBINE_HIDPI_IMAGES = YES;
				INFOPLIST_FILE = LetterPairSimilarityTests/Info.plist;
				LD_RUNPATH_SEARCH_PATHS = "$(inherited) @executable_path/../Frameworks @loader_path/../Frameworks";
				PRODUCT_BUNDLE_IDENTIFIER = "Wholecheese-LLC.LetterPairSimilarityTests";
				PRODUCT_NAME = "$(TARGET_NAME)";
				TEST_HOST = "$(BUILT_PRODUCTS_DIR)/LetterPairSimilarity.app/Contents/MacOS/LetterPairSimilarity";
			};
			name = Debug;
		};
		2EADDA571D7A38F500183E51 /* Release */ = {
			isa = XCBuildConfiguration;
			buildSettings = {
				BUNDLE_LOADER = "$(TEST_HOST)";
				COMBINE_HIDPI_IMAGES = YES;
				INFOPLIST_FILE = LetterPairSimilarityTests/Info.plist;
				LD_RUNPATH_SEARCH_PATHS = "$(inherited) @executable_path/../Frameworks @loader_path/../Frameworks";
				PRODUCT_BUNDLE_IDENTIFIER = "Wholecheese-LLC.LetterPairSimilarityTests";
				PRODUCT_NAME = "$(TARGET_NAME)";
				TEST_HOST = "$(BUILT_PRODUCTS_DIR)/LetterPairSimilarity.app/Contents/MacOS/LetterPairSimilarity";
			};
			name = Release;
		};
/* End XCBuildConfiguration section */

/* Begin XCConfigurationList section */
		2EADDA331D7A38F500183E51 /* Build configuration list for PBXProject "LetterPairSimilarity" */ = {
			isa = XCConfigurationList;
			buildConfigurations = (
				2EADDA501D7A38F500183E51 /* Debug */,
				2EADDA511D7A38F500183E51 /* Release */,
			);
			defaultConfigurationIsVisible = 0;
			defaultConfigurationName = Release;
		};
		2EADDA521D7A38F500183E51 /* Build configuration list for PBXNativeTarget "LetterPairSimilarity" */ = {
			isa = XCConfigurationList;
			buildConfigurations = (
				2EADDA531D7A38F500183E51 /* Debug */,
				2EADDA541D7A38F500183E51 /* Release */,
			);
			defaultConfigurationIsVisible = 0;
		};
		2EADDA551D7A38F500183E51 /* Build configuration list for PBXNativeTarget "LetterPairSimilarityTests" */ = {
			isa = XCConfigurationList;
			buildConfigurations = (
				2EADDA561D7A38F500183E51 /* Debug */,
				2EADDA571D7A38F500183E51 /* Release */,
			);
			defaultConfigurationIsVisible = 0;
		};
/* End XCConfigurationList section */
	};
	rootObject = 2EADDA301D7A38F500183E51 /* Project object */;
}
